
Microsoft Visual Studio Solution File, Format Version 12.00
Project("{FAE04EC0-301F-11D3-BF4B-00C04F79EFBC}") = "AngularApplication", "AngularApplication\AngularApplication.csproj", "{C7F213D3-0C98-41C7-8B05-11B0768B4EA1}"
EndProject
Project("{FAE04EC0-301F-11D3-BF4B-00C04F79EFBC}") = "AuthenticationService", "AuthenticationService\AuthenticationService.csproj", "{A6AA812D-3B4B-463B-9C1C-61D06B56EE60}"
EndProject
Global
	GlobalSection(SolutionConfigurationPlatforms) = preSolution
		Debug|Any CPU = Debug|Any CPU
		Release|Any CPU = Release|Any CPU
	EndGlobalSection
	GlobalSection(ProjectConfigurationPlatforms) = postSolution
		{C7F213D3-0C98-41C7-8B05-11B0768B4EA1}.Debug|Any CPU.ActiveCfg = Debug|Any CPU
		{C7F213D3-0C98-41C7-8B05-11B0768B4EA1}.Debug|Any CPU.Build.0 = Debug|Any CPU
		{C7F213D3-0C98-41C7-8B05-11B0768B4EA1}.Release|Any CPU.ActiveCfg = Release|Any CPU
		{C7F213D3-0C98-41C7-8B05-11B0768B4EA1}.Release|Any CPU.Build.0 = Release|Any CPU
		{A6AA812D-3B4B-463B-9C1C-61D06B56EE60}.Debug|Any CPU.ActiveCfg = Debug|Any CPU
		{A6AA812D-3B4B-463B-9C1C-61D06B56EE60}.Debug|Any CPU.Build.0 = Debug|Any CPU
		{A6AA812D-3B4B-463B-9C1C-61D06B56EE60}.Release|Any CPU.ActiveCfg = Release|Any CPU
		{A6AA812D-3B4B-463B-9C1C-61D06B56EE60}.Release|Any CPU.Build.0 = Release|Any CPU
	EndGlobalSection
EndGlobal
